
Microsoft Visual Studio Solution File, Format Version 12.00
# Visual Studio Version 16
VisualStudioVersion = 16.0.32413.511
MinimumVisualStudioVersion = 10.0.40219.1
Project("{FAE04EC0-301F-11D3-BF4B-00C04F79EFBC}") = "ShoppingListWithFileIO", "ShoppingListWithFileIO\ShoppingListWithFileIO.csproj", "{5E941103-FDD5-49A6-AB46-0843095B64E4}"
EndProject
Global
	GlobalSection(SolutionConfigurationPlatforms) = preSolution
		Debug|Any CPU = Debug|Any CPU
		Release|Any CPU = Release|Any CPU
	EndGlobalSection
	GlobalSection(ProjectConfigurationPlatforms) = postSolution
		{5E941103-FDD5-49A6-AB46-0843095B64E4}.Debug|Any CPU.ActiveCfg = Debug|Any CPU
		{5E941103-FDD5-49A6-AB46-0843095B64E4}.Debug|Any CPU.Build.0 = Debug|Any CPU
		{5E941103-FDD5-49A6-AB46-0843095B64E4}.Release|Any CPU.ActiveCfg = Release|Any CPU
		{5E941103-FDD5-49A6-AB46-0843095B64E4}.Release|Any CPU.Build.0 = Release|Any CPU
	EndGlobalSection
	GlobalSection(SolutionProperties) = preSolution
		HideSolutionNode = FALSE
	EndGlobalSection
	GlobalSection(ExtensibilityGlobals) = postSolution
		SolutionGuid = {4E5B46F5-FE69-4B4F-B50E-B69867636B19}
	EndGlobalSection
EndGlobal
